
Microsoft Visual Studio Solution File, Format Version 12.00
# Visual Studio Version 17
VisualStudioVersion = 17.2.32630.192
MinimumVisualStudioVersion = 10.0.40219.1
Project("{FAE04EC0-301F-11D3-BF4B-00C04F79EFBC}") = "PratikPatikafyMuzikPlatformu", "PratikPatikafyMuzikPlatformu\PratikPatikafyMuzikPlatformu.csproj", "{DC05E3AE-7DF5-4F17-86A7-1336A4E9E000}"
EndProject
Global
	GlobalSection(SolutionConfigurationPlatforms) = preSolution
		Debug|Any CPU = Debug|Any CPU
		Release|Any CPU = Release|Any CPU
	EndGlobalSection
	GlobalSection(ProjectConfigurationPlatforms) = postSolution
		{DC05E3AE-7DF5-4F17-86A7-1336A4E9E000}.Debug|Any CPU.ActiveCfg = Debug|Any CPU
		{DC05E3AE-7DF5-4F17-86A7-1336A4E9E000}.Debug|Any CPU.Build.0 = Debug|Any CPU
		{DC05E3AE-7DF5-4F17-86A7-1336A4E9E000}.Release|Any CPU.ActiveCfg = Release|Any CPU
		{DC05E3AE-7DF5-4F17-86A7-1336A4E9E000}.Release|Any CPU.Build.0 = Release|Any CPU
	EndGlobalSection
	GlobalSection(SolutionProperties) = preSolution
		HideSolutionNode = FALSE
	EndGlobalSection
	GlobalSection(ExtensibilityGlobals) = postSolution
		SolutionGuid = {FE20881B-7EAA-4494-A856-210A46CA8A68}
	EndGlobalSection
EndGlobal
